
Microsoft Visual Studio Solution File, Format Version 12.00
# Visual Studio Version 17
VisualStudioVersion = 17.14.37012.4
MinimumVisualStudioVersion = 10.0.40219.1
Project("{FAE04EC0-301F-11D3-BF4B-00C04F79EFBC}") = "core", "core\core.csproj", "{43B88F6E-0928-4388-AE65-F78CF41CDEC7}"
EndProject
Project("{8BC9CEB8-8B4A-11D0-8D11-00A0C91BC942}") = "bridge", "bridge\bridge.vcxproj", "{9C5996AB-9865-A034-0888-6D78C8A85DF1}"
EndProject
Project("{8BC9CEB8-8B4A-11D0-8D11-00A0C91BC942}") = "api", "api\api.vcxproj", "{D1038726-30B3-4E92-A501-8DD0A6139C33}"
EndProject
Project("{8BC9CEB8-8B4A-11D0-8D11-00A0C91BC942}") = "test", "test\test.vcxproj", "{F955E9ED-15F8-44B0-A7FD-47FC1BD3AB08}"
EndProject
Global
	GlobalSection(SolutionConfigurationPlatforms) = preSolution
		Debug|x64 = Debug|x64
		Release|x64 = Release|x64
	EndGlobalSection
	GlobalSection(ProjectConfigurationPlatforms) = postSolution
		{43B88F6E-0928-4388-AE65-F78CF41CDEC7}.Debug|x64.ActiveCfg = Debug|Any CPU
		{43B88F6E-0928-4388-AE65-F78CF41CDEC7}.Debug|x64.Build.0 = Debug|Any CPU
		{43B88F6E-0928-4388-AE65-F78CF41CDEC7}.Release|x64.ActiveCfg = Release|Any CPU
		{43B88F6E-0928-4388-AE65-F78CF41CDEC7}.Release|x64.Build.0 = Release|Any CPU
		{9C5996AB-9865-A034-0888-6D78C8A85DF1}.Debug|x64.ActiveCfg = Debug|x64
		{9C5996AB-9865-A034-0888-6D78C8A85DF1}.Debug|x64.Build.0 = Debug|x64
		{9C5996AB-9865-A034-0888-6D78C8A85DF1}.Release|x64.ActiveCfg = Release|x64
		{9C5996AB-9865-A034-0888-6D78C8A85DF1}.Release|x64.Build.0 = Release|x64
		{D1038726-30B3-4E92-A501-8DD0A6139C33}.Debug|x64.ActiveCfg = Debug|x64
		{D1038726-30B3-4E92-A501-8DD0A6139C33}.Debug|x64.Build.0 = Debug|x64
		{D1038726-30B3-4E92-A501-8DD0A6139C33}.Release|x64.ActiveCfg = Release|x64
		{D1038726-30B3-4E92-A501-8DD0A6139C33}.Release|x64.Build.0 = Release|x64
		{F955E9ED-15F8-44B0-A7FD-47FC1BD3AB08}.Debug|x64.ActiveCfg = Debug|x64
		{F955E9ED-15F8-44B0-A7FD-47FC1BD3AB08}.Debug|x64.Build.0 = Debug|x64
		{F955E9ED-15F8-44B0-A7FD-47FC1BD3AB08}.Release|x64.ActiveCfg = Release|x64
		{F955E9ED-15F8-44B0-A7FD-47FC1BD3AB08}.Release|x64.Build.0 = Release|x64
	EndGlobalSection
	GlobalSection(SolutionProperties) = preSolution
		HideSolutionNode = FALSE
	EndGlobalSection
	GlobalSection(ExtensibilityGlobals) = postSolution
		SolutionGuid = {C75BAE34-2BF2-456C-810C-87AA23D5BA9A}
	EndGlobalSection
EndGlobal
